
Microsoft Visual Studio Solution File, Format Version 12.00
# Visual Studio Version 16
VisualStudioVersion = 16.0.31702.278
MinimumVisualStudioVersion = 10.0.40219.1
Project("{9A19103F-16F7-4668-BE54-9A1E7A4F7556}") = "SudokuCollective.Api", "SudokuCollective.Api\SudokuCollective.Api.csproj", "{6C5BE1AD-8D24-4DC2-BB7E-FDFBB1714FC5}"
EndProject
Project("{FAE04EC0-301F-11D3-BF4B-00C04F79EFBC}") = "SudokuCollective.Core", "SudokuCollective.Core\SudokuCollective.Core.csproj", "{8623A72B-AFC2-40AF-B2CE-0880F70C4B41}"
EndProject
Global
	GlobalSection(SolutionConfigurationPlatforms) = preSolution
		Debug|Any CPU = Debug|Any CPU
		Release|Any CPU = Release|Any CPU
	EndGlobalSection
	GlobalSection(ProjectConfigurationPlatforms) = postSolution
		{6C5BE1AD-8D24-4DC2-BB7E-FDFBB1714FC5}.Debug|Any CPU.ActiveCfg = Debug|Any CPU
		{6C5BE1AD-8D24-4DC2-BB7E-FDFBB1714FC5}.Debug|Any CPU.Build.0 = Debug|Any CPU
		{6C5BE1AD-8D24-4DC2-BB7E-FDFBB1714FC5}.Release|Any CPU.ActiveCfg = Release|Any CPU
		{6C5BE1AD-8D24-4DC2-BB7E-FDFBB1714FC5}.Release|Any CPU.Build.0 = Release|Any CPU
		{8623A72B-AFC2-40AF-B2CE-0880F70C4B41}.Debug|Any CPU.ActiveCfg = Debug|Any CPU
		{8623A72B-AFC2-40AF-B2CE-0880F70C4B41}.Debug|Any CPU.Build.0 = Debug|Any CPU
		{8623A72B-AFC2-40AF-B2CE-0880F70C4B41}.Release|Any CPU.ActiveCfg = Release|Any CPU
		{8623A72B-AFC2-40AF-B2CE-0880F70C4B41}.Release|Any CPU.Build.0 = Release|Any CPU
	EndGlobalSection
	GlobalSection(SolutionProperties) = preSolution
		HideSolutionNode = FALSE
	EndGlobalSection
	GlobalSection(ExtensibilityGlobals) = postSolution
		SolutionGuid = {72FAD490-C926-4C48-B557-D632955993EE}
	EndGlobalSection
EndGlobal
